
Microsoft Visual Studio Solution File, Format Version 12.00
# Visual Studio Version 17
VisualStudioVersion = 17.12.35707.178
MinimumVisualStudioVersion = 10.0.40219.1
Project("{FAE04EC0-301F-11D3-BF4B-00C04F79EFBC}") = "BMICalculatorMobileApp", "BMICalculatorMobileApp.csproj", "{54B478B9-C6A2-4934-BDA8-DF931C3BAC6C}"
EndProject
Project("{2150E333-8FDC-42A3-9474-1A3956D46DE8}") = "Solution Items", "Solution Items", "{D7AD5B0E-2CD7-4B18-A60D-F7CE3BC79B8D}"
EndProject
Global
	GlobalSection(SolutionConfigurationPlatforms) = preSolution
		Debug|Any CPU = Debug|Any CPU
		Release|Any CPU = Release|Any CPU
	EndGlobalSection
	GlobalSection(ProjectConfigurationPlatforms) = postSolution
		{54B478B9-C6A2-4934-BDA8-DF931C3BAC6C}.Debug|Any CPU.ActiveCfg = Debug|Any CPU
		{54B478B9-C6A2-4934-BDA8-DF931C3BAC6C}.Debug|Any CPU.Build.0 = Debug|Any CPU
		{54B478B9-C6A2-4934-BDA8-DF931C3BAC6C}.Debug|Any CPU.Deploy.0 = Debug|Any CPU
		{54B478B9-C6A2-4934-BDA8-DF931C3BAC6C}.Release|Any CPU.ActiveCfg = Release|Any CPU
		{54B478B9-C6A2-4934-BDA8-DF931C3BAC6C}.Release|Any CPU.Build.0 = Release|Any CPU
		{54B478B9-C6A2-4934-BDA8-DF931C3BAC6C}.Release|Any CPU.Deploy.0 = Release|Any CPU
	EndGlobalSection
	GlobalSection(SolutionProperties) = preSolution
		HideSolutionNode = FALSE
	EndGlobalSection
EndGlobal
